{
  "name": "uniapp-uikit",
  "version": "1.0.0",
  "lockfileVersion": 2,
  "requires": true,
  "packages": {
    "": {
      "name": "uniapp-uikit",
      "version": "1.0.0",
      "license": "ISC",
      "dependencies": {
        "easemob-websdk": "^4.11.0",
        "mobx": "^6.13.4",
        "pinyin-pro": "^3.26.0"
      }
    },
    "node_modules/easemob-websdk": {
      "version": "4.11.0",
      "resolved": "https://registry.npmjs.org/easemob-websdk/-/easemob-websdk-4.11.0.tgz",
      "integrity": "sha512-KTrFYjn3fGq0RueXNoY8V0djVV+WTDpFLUgfVhS7O8w97vWHzcT1OZNVl98khujcJr7SZLWJxnNBa1fQ29FS3g=="
    },
    "node_modules/mobx": {
      "version": "6.13.4",
      "resolved": "https://registry.npmjs.org/mobx/-/mobx-6.13.4.tgz",
      "integrity": "sha512-jPIeHnOw1zZNBEmpO6Ls5MvowWbpe460I0nShOarK7WJRpSwRFKzY77rHf4VhNe/eiCIEfKp+UdJa6jqDtTnaQ==",
      "funding": {
        "type": "opencollective",
        "url": "https://opencollective.com/mobx"
      }
    },
    "node_modules/pinyin-pro": {
      "version": "3.26.0",
      "resolved": "https://registry.npmjs.org/pinyin-pro/-/pinyin-pro-3.26.0.tgz",
      "integrity": "sha512-HcBZZb0pvm0/JkPhZHWA5Hqp2cWHXrrW/WrV+OtaYYM+kf35ffvZppIUuGmyuQ7gDr1JDJKMkbEE+GN0wfMoGg=="
    }
  },
  "dependencies": {
    "easemob-websdk": {
      "version": "4.11.0",
      "resolved": "https://registry.npmjs.org/easemob-websdk/-/easemob-websdk-4.11.0.tgz",
      "integrity": "sha512-KTrFYjn3fGq0RueXNoY8V0djVV+WTDpFLUgfVhS7O8w97vWHzcT1OZNVl98khujcJr7SZLWJxnNBa1fQ29FS3g=="
    },
    "mobx": {
      "version": "6.13.4",
      "resolved": "https://registry.npmjs.org/mobx/-/mobx-6.13.4.tgz",
      "integrity": "sha512-jPIeHnOw1zZNBEmpO6Ls5MvowWbpe460I0nShOarK7WJRpSwRFKzY77rHf4VhNe/eiCIEfKp+UdJa6jqDtTnaQ=="
    },
    "pinyin-pro": {
      "version": "3.26.0",
      "resolved": "https://registry.npmjs.org/pinyin-pro/-/pinyin-pro-3.26.0.tgz",
      "integrity": "sha512-HcBZZb0pvm0/JkPhZHWA5Hqp2cWHXrrW/WrV+OtaYYM+kf35ffvZppIUuGmyuQ7gDr1JDJKMkbEE+GN0wfMoGg=="
    }
  }
}
